
Microsoft Visual Studio Solution File, Format Version 12.00
# Visual Studio 2013
VisualStudioVersion = 12.0.31101.0
MinimumVisualStudioVersion = 10.0.40219.1
Project("{FAE04EC0-301F-11D3-BF4B-00C04F79EFBC}") = "BooksMVC", "BooksMVC\BooksMVC.csproj", "{803A22DD-EAE3-45D0-9C48-27B119EAE453}"
	ProjectSection(ProjectDependencies) = postProject
		{5FEFDF0F-20CE-47AA-B939-EE980FFC4352} = {5FEFDF0F-20CE-47AA-B939-EE980FFC4352}
		{8C473837-C905-4E26-AB55-356C33B82156} = {8C473837-C905-4E26-AB55-356C33B82156}
		{5A90C46E-BBCD-4C4E-A1F8-81E2C88C289A} = {5A90C46E-BBCD-4C4E-A1F8-81E2C88C289A}
		{CFA4FFF2-BF1D-4007-9404-D867E69A85F6} = {CFA4FFF2-BF1D-4007-9404-D867E69A85F6}
	EndProjectSection
EndProject
Project("{FAE04EC0-301F-11D3-BF4B-00C04F79EFBC}") = "BooksMVC.DAL", "BooksMVC.DAL\BooksMVC.DAL.csproj", "{5A90C46E-BBCD-4C4E-A1F8-81E2C88C289A}"
EndProject
Project("{FAE04EC0-301F-11D3-BF4B-00C04F79EFBC}") = "BooksMVC.ViewModel", "BooksMVC.ViewModel\BooksMVC.ViewModel.csproj", "{5FEFDF0F-20CE-47AA-B939-EE980FFC4352}"
EndProject
Project("{FAE04EC0-301F-11D3-BF4B-00C04F79EFBC}") = "BooksMVC.DomainModel", "BooksMVC.DomainModel\BooksMVC.DomainModel.csproj", "{8C473837-C905-4E26-AB55-356C33B82156}"
EndProject
Project("{FAE04EC0-301F-11D3-BF4B-00C04F79EFBC}") = "BooksMVC.Infrastructure", "BooksMVC.Infrastructure\BooksMVC.Infrastructure.csproj", "{CFA4FFF2-BF1D-4007-9404-D867E69A85F6}"
EndProject
Global
	GlobalSection(SolutionConfigurationPlatforms) = preSolution
		Debug|Any CPU = Debug|Any CPU
		Release|Any CPU = Release|Any CPU
	EndGlobalSection
	GlobalSection(ProjectConfigurationPlatforms) = postSolution
		{803A22DD-EAE3-45D0-9C48-27B119EAE453}.Debug|Any CPU.ActiveCfg = Debug|Any CPU
		{803A22DD-EAE3-45D0-9C48-27B119EAE453}.Debug|Any CPU.Build.0 = Debug|Any CPU
		{803A22DD-EAE3-45D0-9C48-27B119EAE453}.Release|Any CPU.ActiveCfg = Release|Any CPU
		{803A22DD-EAE3-45D0-9C48-27B119EAE453}.Release|Any CPU.Build.0 = Release|Any CPU
		{5A90C46E-BBCD-4C4E-A1F8-81E2C88C289A}.Debug|Any CPU.ActiveCfg = Debug|Any CPU
		{5A90C46E-BBCD-4C4E-A1F8-81E2C88C289A}.Debug|Any CPU.Build.0 = Debug|Any CPU
		{5A90C46E-BBCD-4C4E-A1F8-81E2C88C289A}.Release|Any CPU.ActiveCfg = Release|Any CPU
		{5A90C46E-BBCD-4C4E-A1F8-81E2C88C289A}.Release|Any CPU.Build.0 = Release|Any CPU
		{5FEFDF0F-20CE-47AA-B939-EE980FFC4352}.Debug|Any CPU.ActiveCfg = Debug|Any CPU
		{5FEFDF0F-20CE-47AA-B939-EE980FFC4352}.Debug|Any CPU.Build.0 = Debug|Any CPU
		{5FEFDF0F-20CE-47AA-B939-EE980FFC4352}.Release|Any CPU.ActiveCfg = Release|Any CPU
		{5FEFDF0F-20CE-47AA-B939-EE980FFC4352}.Release|Any CPU.Build.0 = Release|Any CPU
		{8C473837-C905-4E26-AB55-356C33B82156}.Debug|Any CPU.ActiveCfg = Debug|Any CPU
		{8C473837-C905-4E26-AB55-356C33B82156}.Debug|Any CPU.Build.0 = Debug|Any CPU
		{8C473837-C905-4E26-AB55-356C33B82156}.Release|Any CPU.ActiveCfg = Release|Any CPU
		{8C473837-C905-4E26-AB55-356C33B82156}.Release|Any CPU.Build.0 = Release|Any CPU
		{CFA4FFF2-BF1D-4007-9404-D867E69A85F6}.Debug|Any CPU.ActiveCfg = Debug|Any CPU
		{CFA4FFF2-BF1D-4007-9404-D867E69A85F6}.Debug|Any CPU.Build.0 = Debug|Any CPU
		{CFA4FFF2-BF1D-4007-9404-D867E69A85F6}.Release|Any CPU.ActiveCfg = Release|Any CPU
		{CFA4FFF2-BF1D-4007-9404-D867E69A85F6}.Release|Any CPU.Build.0 = Release|Any CPU
	EndGlobalSection
	GlobalSection(SolutionProperties) = preSolution
		HideSolutionNode = FALSE
	EndGlobalSection
EndGlobal
